{
  "name": "sample-ws-server",
  "version": "1.0.0",
  "lockfileVersion": 1,
  "requires": true,
  "dependencies": {
    "tail-stream": {
      "version": "0.3.4",
      "resolved": "https://registry.npmjs.org/tail-stream/-/tail-stream-0.3.4.tgz",
      "integrity": "sha1-vGdaIOknMrGmp8xl1r5m94F/1cE="
    },
    "ws": {
      "version": "7.4.6",
      "resolved": "https://registry.npmjs.org/ws/-/ws-7.4.6.tgz",
      "integrity": "sha512-YmhHDO4MzaDLB+M9ym/mDA5z0naX8j7SIlT8f8z+I0VtzsRbekxEutHSme7NPS2qE8StCYQNUnfWdXta/Yu85A=="
    }
  }
}
